
Microsoft Visual Studio Solution File, Format Version 12.00
# Visual Studio 15
VisualStudioVersion = 15.0.27703.2042
MinimumVisualStudioVersion = 10.0.40219.1
Project("{FAE04EC0-301F-11D3-BF4B-00C04F79EFBC}") = "TestScaffolderExtension", "TestScaffolderExtension\TestScaffolderExtension.csproj", "{5A853017-4C7E-45C3-91C5-BB05635B6A1D}"
EndProject
Global
	GlobalSection(SolutionConfigurationPlatforms) = preSolution
		Debug|Any CPU = Debug|Any CPU
		Release|Any CPU = Release|Any CPU
	EndGlobalSection
	GlobalSection(ProjectConfigurationPlatforms) = postSolution
		{5A853017-4C7E-45C3-91C5-BB05635B6A1D}.Debug|Any CPU.ActiveCfg = Debug|Any CPU
		{5A853017-4C7E-45C3-91C5-BB05635B6A1D}.Debug|Any CPU.Build.0 = Debug|Any CPU
		{5A853017-4C7E-45C3-91C5-BB05635B6A1D}.Release|Any CPU.ActiveCfg = Release|Any CPU
		{5A853017-4C7E-45C3-91C5-BB05635B6A1D}.Release|Any CPU.Build.0 = Release|Any CPU
	EndGlobalSection
	GlobalSection(SolutionProperties) = preSolution
		HideSolutionNode = FALSE
	EndGlobalSection
	GlobalSection(ExtensibilityGlobals) = postSolution
		SolutionGuid = {44484220-0A11-4AE4-9A6D-C9F832F89F96}
	EndGlobalSection
EndGlobal
